
Microsoft Visual Studio Solution File, Format Version 12.00
# Visual Studio Version 17
VisualStudioVersion = 17.5.33414.496
MinimumVisualStudioVersion = 10.0.40219.1
Project("{FAE04EC0-301F-11D3-BF4B-00C04F79EFBC}") = "SomeComponents", "SomeComponents.csproj", "{B7DC362F-E34D-4587-AF9E-BF8C511480DB}"
EndProject
Global
	GlobalSection(SolutionConfigurationPlatforms) = preSolution
		Debug|Any CPU = Debug|Any CPU
		Release|Any CPU = Release|Any CPU
	EndGlobalSection
	GlobalSection(ProjectConfigurationPlatforms) = postSolution
		{B7DC362F-E34D-4587-AF9E-BF8C511480DB}.Debug|Any CPU.ActiveCfg = Debug|Any CPU
		{B7DC362F-E34D-4587-AF9E-BF8C511480DB}.Debug|Any CPU.Build.0 = Debug|Any CPU
		{B7DC362F-E34D-4587-AF9E-BF8C511480DB}.Release|Any CPU.ActiveCfg = Release|Any CPU
		{B7DC362F-E34D-4587-AF9E-BF8C511480DB}.Release|Any CPU.Build.0 = Release|Any CPU
	EndGlobalSection
	GlobalSection(SolutionProperties) = preSolution
		HideSolutionNode = FALSE
	EndGlobalSection
	GlobalSection(ExtensibilityGlobals) = postSolution
		SolutionGuid = {18624747-4285-4C26-8DE9-10FC79F776DF}
	EndGlobalSection
EndGlobal
